
Microsoft Visual Studio Solution File, Format Version 12.00
# Visual Studio Version 17
VisualStudioVersion = 17.0.31903.59
MinimumVisualStudioVersion = 10.0.40219.1
Project("{2150E333-8FDC-42A3-9474-1A3956D46DE8}") = "src", "src", "{827E0CD3-B72D-47B6-A68D-7590B98EB39B}"
EndProject
Project("{FAE04EC0-301F-11D3-BF4B-00C04F79EFBC}") = "EpsteinDashboard.Core", "src\EpsteinDashboard.Core\EpsteinDashboard.Core.csproj", "{CA501F08-9DC5-46F3-A3F8-E1CF305B15C6}"
EndProject
Project("{FAE04EC0-301F-11D3-BF4B-00C04F79EFBC}") = "EpsteinDashboard.Application", "src\EpsteinDashboard.Application\EpsteinDashboard.Application.csproj", "{65227468-B30C-49F0-A26A-847EA4FB963E}"
EndProject
Project("{FAE04EC0-301F-11D3-BF4B-00C04F79EFBC}") = "EpsteinDashboard.Infrastructure", "src\EpsteinDashboard.Infrastructure\EpsteinDashboard.Infrastructure.csproj", "{CF5B20FD-E766-4205-8006-E1F4433DA0C0}"
EndProject
Project("{FAE04EC0-301F-11D3-BF4B-00C04F79EFBC}") = "EpsteinDashboard.Api", "src\EpsteinDashboard.Api\EpsteinDashboard.Api.csproj", "{3F0F2E3C-D431-40E2-9BA1-DBE7D162B063}"
EndProject
Global
	GlobalSection(SolutionConfigurationPlatforms) = preSolution
		Debug|Any CPU = Debug|Any CPU
		Debug|x64 = Debug|x64
		Debug|x86 = Debug|x86
		Release|Any CPU = Release|Any CPU
		Release|x64 = Release|x64
		Release|x86 = Release|x86
	EndGlobalSection
	GlobalSection(ProjectConfigurationPlatforms) = postSolution
		{CA501F08-9DC5-46F3-A3F8-E1CF305B15C6}.Debug|Any CPU.ActiveCfg = Debug|Any CPU
		{CA501F08-9DC5-46F3-A3F8-E1CF305B15C6}.Debug|Any CPU.Build.0 = Debug|Any CPU
		{CA501F08-9DC5-46F3-A3F8-E1CF305B15C6}.Debug|x64.ActiveCfg = Debug|Any CPU
		{CA501F08-9DC5-46F3-A3F8-E1CF305B15C6}.Debug|x64.Build.0 = Debug|Any CPU
		{CA501F08-9DC5-46F3-A3F8-E1CF305B15C6}.Debug|x86.ActiveCfg = Debug|Any CPU
		{CA501F08-9DC5-46F3-A3F8-E1CF305B15C6}.Debug|x86.Build.0 = Debug|Any CPU
		{CA501F08-9DC5-46F3-A3F8-E1CF305B15C6}.Release|Any CPU.ActiveCfg = Release|Any CPU
		{CA501F08-9DC5-46F3-A3F8-E1CF305B15C6}.Release|Any CPU.Build.0 = Release|Any CPU
		{CA501F08-9DC5-46F3-A3F8-E1CF305B15C6}.Release|x64.ActiveCfg = Release|Any CPU
		{CA501F08-9DC5-46F3-A3F8-E1CF305B15C6}.Release|x64.Build.0 = Release|Any CPU
		{CA501F08-9DC5-46F3-A3F8-E1CF305B15C6}.Release|x86.ActiveCfg = Release|Any CPU
		{CA501F08-9DC5-46F3-A3F8-E1CF305B15C6}.Release|x86.Build.0 = Release|Any CPU
		{65227468-B30C-49F0-A26A-847EA4FB963E}.Debug|Any CPU.ActiveCfg = Debug|Any CPU
		{65227468-B30C-49F0-A26A-847EA4FB963E}.Debug|Any CPU.Build.0 = Debug|Any CPU
		{65227468-B30C-49F0-A26A-847EA4FB963E}.Debug|x64.ActiveCfg = Debug|Any CPU
		{65227468-B30C-49F0-A26A-847EA4FB963E}.Debug|x64.Build.0 = Debug|Any CPU
		{65227468-B30C-49F0-A26A-847EA4FB963E}.Debug|x86.ActiveCfg = Debug|Any CPU
		{65227468-B30C-49F0-A26A-847EA4FB963E}.Debug|x86.Build.0 = Debug|Any CPU
		{65227468-B30C-49F0-A26A-847EA4FB963E}.Release|Any CPU.ActiveCfg = Release|Any CPU
		{65227468-B30C-49F0-A26A-847EA4FB963E}.Release|Any CPU.Build.0 = Release|Any CPU
		{65227468-B30C-49F0-A26A-847EA4FB963E}.Release|x64.ActiveCfg = Release|Any CPU
		{65227468-B30C-49F0-A26A-847EA4FB963E}.Release|x64.Build.0 = Release|Any CPU
		{65227468-B30C-49F0-A26A-847EA4FB963E}.Release|x86.ActiveCfg = Release|Any CPU
		{65227468-B30C-49F0-A26A-847EA4FB963E}.Release|x86.Build.0 = Release|Any CPU
		{CF5B20FD-E766-4205-8006-E1F4433DA0C0}.Debug|Any CPU.ActiveCfg = Debug|Any CPU
		{CF5B20FD-E766-4205-8006-E1F4433DA0C0}.Debug|Any CPU.Build.0 = Debug|Any CPU
		{CF5B20FD-E766-4205-8006-E1F4433DA0C0}.Debug|x64.ActiveCfg = Debug|Any CPU
		{CF5B20FD-E766-4205-8006-E1F4433DA0C0}.Debug|x64.Build.0 = Debug|Any CPU
		{CF5B20FD-E766-4205-8006-E1F4433DA0C0}.Debug|x86.ActiveCfg = Debug|Any CPU
		{CF5B20FD-E766-4205-8006-E1F4433DA0C0}.Debug|x86.Build.0 = Debug|Any CPU
		{CF5B20FD-E766-4205-8006-E1F4433DA0C0}.Release|Any CPU.ActiveCfg = Release|Any CPU
		{CF5B20FD-E766-4205-8006-E1F4433DA0C0}.Release|Any CPU.Build.0 = Release|Any CPU
		{CF5B20FD-E766-4205-8006-E1F4433DA0C0}.Release|x64.ActiveCfg = Release|Any CPU
		{CF5B20FD-E766-4205-8006-E1F4433DA0C0}.Release|x64.Build.0 = Release|Any CPU
		{CF5B20FD-E766-4205-8006-E1F4433DA0C0}.Release|x86.ActiveCfg = Release|Any CPU
		{CF5B20FD-E766-4205-8006-E1F4433DA0C0}.Release|x86.Build.0 = Release|Any CPU
		{3F0F2E3C-D431-40E2-9BA1-DBE7D162B063}.Debug|Any CPU.ActiveCfg = Debug|Any CPU
		{3F0F2E3C-D431-40E2-9BA1-DBE7D162B063}.Debug|Any CPU.Build.0 = Debug|Any CPU
		{3F0F2E3C-D431-40E2-9BA1-DBE7D162B063}.Debug|x64.ActiveCfg = Debug|Any CPU
		{3F0F2E3C-D431-40E2-9BA1-DBE7D162B063}.Debug|x64.Build.0 = Debug|Any CPU
		{3F0F2E3C-D431-40E2-9BA1-DBE7D162B063}.Debug|x86.ActiveCfg = Debug|Any CPU
		{3F0F2E3C-D431-40E2-9BA1-DBE7D162B063}.Debug|x86.Build.0 = Debug|Any CPU
		{3F0F2E3C-D431-40E2-9BA1-DBE7D162B063}.Release|Any CPU.ActiveCfg = Release|Any CPU
		{3F0F2E3C-D431-40E2-9BA1-DBE7D162B063}.Release|Any CPU.Build.0 = Release|Any CPU
		{3F0F2E3C-D431-40E2-9BA1-DBE7D162B063}.Release|x64.ActiveCfg = Release|Any CPU
		{3F0F2E3C-D431-40E2-9BA1-DBE7D162B063}.Release|x64.Build.0 = Release|Any CPU
		{3F0F2E3C-D431-40E2-9BA1-DBE7D162B063}.Release|x86.ActiveCfg = Release|Any CPU
		{3F0F2E3C-D431-40E2-9BA1-DBE7D162B063}.Release|x86.Build.0 = Release|Any CPU
	EndGlobalSection
	GlobalSection(SolutionProperties) = preSolution
		HideSolutionNode = FALSE
	EndGlobalSection
	GlobalSection(NestedProjects) = preSolution
		{CA501F08-9DC5-46F3-A3F8-E1CF305B15C6} = {827E0CD3-B72D-47B6-A68D-7590B98EB39B}
		{65227468-B30C-49F0-A26A-847EA4FB963E} = {827E0CD3-B72D-47B6-A68D-7590B98EB39B}
		{CF5B20FD-E766-4205-8006-E1F4433DA0C0} = {827E0CD3-B72D-47B6-A68D-7590B98EB39B}
		{3F0F2E3C-D431-40E2-9BA1-DBE7D162B063} = {827E0CD3-B72D-47B6-A68D-7590B98EB39B}
	EndGlobalSection
EndGlobal
